
Microsoft Visual Studio Solution File, Format Version 12.00
# Visual Studio Version 16
VisualStudioVersion = 16.0.31829.152
MinimumVisualStudioVersion = 10.0.40219.1
Project("{FAE04EC0-301F-11D3-BF4B-00C04F79EFBC}") = "RabbitMQ.Producer", "RabbitMQ.Producer\RabbitMQ.Producer.csproj", "{70A6722A-21A4-4DD7-B27D-013F303AC310}"
EndProject
Project("{FAE04EC0-301F-11D3-BF4B-00C04F79EFBC}") = "RabbitMQ.Consumer", "RabbitMQ.Consumer\RabbitMQ.Consumer.csproj", "{35ED17D7-5905-4B3E-9C2D-8F1137612836}"
EndProject
Global
	GlobalSection(SolutionConfigurationPlatforms) = preSolution
		Debug|Any CPU = Debug|Any CPU
		Release|Any CPU = Release|Any CPU
	EndGlobalSection
	GlobalSection(ProjectConfigurationPlatforms) = postSolution
		{70A6722A-21A4-4DD7-B27D-013F303AC310}.Debug|Any CPU.ActiveCfg = Debug|Any CPU
		{70A6722A-21A4-4DD7-B27D-013F303AC310}.Debug|Any CPU.Build.0 = Debug|Any CPU
		{70A6722A-21A4-4DD7-B27D-013F303AC310}.Release|Any CPU.ActiveCfg = Release|Any CPU
		{70A6722A-21A4-4DD7-B27D-013F303AC310}.Release|Any CPU.Build.0 = Release|Any CPU
		{35ED17D7-5905-4B3E-9C2D-8F1137612836}.Debug|Any CPU.ActiveCfg = Debug|Any CPU
		{35ED17D7-5905-4B3E-9C2D-8F1137612836}.Debug|Any CPU.Build.0 = Debug|Any CPU
		{35ED17D7-5905-4B3E-9C2D-8F1137612836}.Release|Any CPU.ActiveCfg = Release|Any CPU
		{35ED17D7-5905-4B3E-9C2D-8F1137612836}.Release|Any CPU.Build.0 = Release|Any CPU
	EndGlobalSection
	GlobalSection(SolutionProperties) = preSolution
		HideSolutionNode = FALSE
	EndGlobalSection
	GlobalSection(ExtensibilityGlobals) = postSolution
		SolutionGuid = {20053E07-5E69-414D-88ED-E5EE3B0E1CD7}
	EndGlobalSection
EndGlobal
